
Microsoft Visual Studio Solution File, Format Version 12.00
# Visual Studio 14
VisualStudioVersion = 14.0.25420.1
MinimumVisualStudioVersion = 10.0.40219.1
Project("{FAE04EC0-301F-11D3-BF4B-00C04F79EFBC}") = "WordFrequency", "WordFrequency\WordFrequency.csproj", "{D034ED07-5FA0-4A19-BCE4-BCE4E8EF8AF5}"
EndProject
Project("{FAE04EC0-301F-11D3-BF4B-00C04F79EFBC}") = "Lost", "Lost\Lost.csproj", "{9641723C-2ECD-4068-8AC3-D990948A9EB1}"
EndProject
Project("{FAE04EC0-301F-11D3-BF4B-00C04F79EFBC}") = "DynamicArrayTask", "DynamicArray\DynamicArrayTask.csproj", "{72143172-2502-4F00-9715-469F090261BE}"
EndProject
Global
	GlobalSection(SolutionConfigurationPlatforms) = preSolution
		Debug|Any CPU = Debug|Any CPU
		Release|Any CPU = Release|Any CPU
	EndGlobalSection
	GlobalSection(ProjectConfigurationPlatforms) = postSolution
		{D034ED07-5FA0-4A19-BCE4-BCE4E8EF8AF5}.Debug|Any CPU.ActiveCfg = Debug|Any CPU
		{D034ED07-5FA0-4A19-BCE4-BCE4E8EF8AF5}.Debug|Any CPU.Build.0 = Debug|Any CPU
		{D034ED07-5FA0-4A19-BCE4-BCE4E8EF8AF5}.Release|Any CPU.ActiveCfg = Release|Any CPU
		{D034ED07-5FA0-4A19-BCE4-BCE4E8EF8AF5}.Release|Any CPU.Build.0 = Release|Any CPU
		{9641723C-2ECD-4068-8AC3-D990948A9EB1}.Debug|Any CPU.ActiveCfg = Debug|Any CPU
		{9641723C-2ECD-4068-8AC3-D990948A9EB1}.Debug|Any CPU.Build.0 = Debug|Any CPU
		{9641723C-2ECD-4068-8AC3-D990948A9EB1}.Release|Any CPU.ActiveCfg = Release|Any CPU
		{9641723C-2ECD-4068-8AC3-D990948A9EB1}.Release|Any CPU.Build.0 = Release|Any CPU
		{72143172-2502-4F00-9715-469F090261BE}.Debug|Any CPU.ActiveCfg = Debug|Any CPU
		{72143172-2502-4F00-9715-469F090261BE}.Debug|Any CPU.Build.0 = Debug|Any CPU
		{72143172-2502-4F00-9715-469F090261BE}.Release|Any CPU.ActiveCfg = Release|Any CPU
		{72143172-2502-4F00-9715-469F090261BE}.Release|Any CPU.Build.0 = Release|Any CPU
	EndGlobalSection
	GlobalSection(SolutionProperties) = preSolution
		HideSolutionNode = FALSE
	EndGlobalSection
EndGlobal
